
Microsoft Visual Studio Solution File, Format Version 12.00
# Visual Studio Version 17
VisualStudioVersion = 17.4.33213.308
MinimumVisualStudioVersion = 10.0.40219.1
Project("{FAE04EC0-301F-11D3-BF4B-00C04F79EFBC}") = "Connect 4", "Connect 4\Connect 4.csproj", "{BB17B8E1-0245-45A4-8A04-3946AE74CC26}"
EndProject
Global
	GlobalSection(SolutionConfigurationPlatforms) = preSolution
		Debug|Any CPU = Debug|Any CPU
		Release|Any CPU = Release|Any CPU
	EndGlobalSection
	GlobalSection(ProjectConfigurationPlatforms) = postSolution
		{BB17B8E1-0245-45A4-8A04-3946AE74CC26}.Debug|Any CPU.ActiveCfg = Debug|Any CPU
		{BB17B8E1-0245-45A4-8A04-3946AE74CC26}.Debug|Any CPU.Build.0 = Debug|Any CPU
		{BB17B8E1-0245-45A4-8A04-3946AE74CC26}.Release|Any CPU.ActiveCfg = Release|Any CPU
		{BB17B8E1-0245-45A4-8A04-3946AE74CC26}.Release|Any CPU.Build.0 = Release|Any CPU
	EndGlobalSection
	GlobalSection(SolutionProperties) = preSolution
		HideSolutionNode = FALSE
	EndGlobalSection
	GlobalSection(ExtensibilityGlobals) = postSolution
		SolutionGuid = {D5443464-3297-492F-B17E-5A2B76F54BAC}
	EndGlobalSection
EndGlobal
